
Microsoft Visual Studio Solution File, Format Version 12.00
# Visual Studio Version 16
VisualStudioVersion = 16.0.30204.135
MinimumVisualStudioVersion = 10.0.40219.1
Project("{888888A0-9F3D-457C-B088-3A5042F75D52}") = "CoreyS_Flask", "CoreyS_Flask\CoreyS_Flask.pyproj", "{EAA3D448-5B2B-4B5D-96FA-D22750212CBD}"
EndProject
Global
	GlobalSection(SolutionConfigurationPlatforms) = preSolution
		Debug|Any CPU = Debug|Any CPU
		Release|Any CPU = Release|Any CPU
	EndGlobalSection
	GlobalSection(ProjectConfigurationPlatforms) = postSolution
		{EAA3D448-5B2B-4B5D-96FA-D22750212CBD}.Debug|Any CPU.ActiveCfg = Debug|Any CPU
		{EAA3D448-5B2B-4B5D-96FA-D22750212CBD}.Debug|Any CPU.Build.0 = Debug|Any CPU
		{EAA3D448-5B2B-4B5D-96FA-D22750212CBD}.Release|Any CPU.ActiveCfg = Release|Any CPU
		{EAA3D448-5B2B-4B5D-96FA-D22750212CBD}.Release|Any CPU.Build.0 = Release|Any CPU
	EndGlobalSection
	GlobalSection(SolutionProperties) = preSolution
		HideSolutionNode = FALSE
	EndGlobalSection
	GlobalSection(ExtensibilityGlobals) = postSolution
		SolutionGuid = {794A1E5D-CBD1-4B8A-911C-9FF0B1E3984C}
	EndGlobalSection
EndGlobal
